// !$*UTF8*$!
{
	archiveVersion = 1;
	classes = {
	};
	objectVersion = 56;
	objects = {

/* Begin PBXBuildFile section */
		1169F30A2C4681F600BD6860 /* MyCertificates.swift in Sources */ = {isa = PBXBuildFile; fileRef = 1169F3092C4681F600BD6860 /* MyCertificates.swift */; };
		117B737B2BF5EF9E00C0AB75 /* AssetColor.swift in Sources */ = {isa = PBXBuildFile; fileRef = 117B737A2BF5EF9E00C0AB75 /* AssetColor.swift */; };
		117B737D2BF5F3B700C0AB75 /* ContactDetails.swift in Sources */ = {isa = PBXBuildFile; fileRef = 117B737C2BF5F3B700C0AB75 /* ContactDetails.swift */; };
		117B737F2BF5F40200C0AB75 /* LocationDetails.swift in Sources */ = {isa = PBXBuildFile; fileRef = 117B737E2BF5F40200C0AB75 /* LocationDetails.swift */; };
		117B73812BF5FB4900C0AB75 /* HireMeButton.swift in Sources */ = {isa = PBXBuildFile; fileRef = 117B73802BF5FB4900C0AB75 /* HireMeButton.swift */; };
		117B73842BF5FEE300C0AB75 /* HireMeData.swift in Sources */ = {isa = PBXBuildFile; fileRef = 117B73832BF5FEE300C0AB75 /* HireMeData.swift */; };
		11A184C82B8F42CC00311BB4 /* Manish_AhireApp.swift in Sources */ = {isa = PBXBuildFile; fileRef = 11A184C72B8F42CC00311BB4 /* Manish_AhireApp.swift */; };
		11A184CC2B8F42D100311BB4 /* Assets.xcassets in Resources */ = {isa = PBXBuildFile; fileRef = 11A184CB2B8F42D100311BB4 /* Assets.xcassets */; };
		11A184CF2B8F42D100311BB4 /* Preview Assets.xcassets in Resources */ = {isa = PBXBuildFile; fileRef = 11A184CE2B8F42D100311BB4 /* Preview Assets.xcassets */; };
		11A184DA2B8F44AA00311BB4 /* HomeView.swift in Sources */ = {isa = PBXBuildFile; fileRef = 11A184D92B8F44AA00311BB4 /* HomeView.swift */; };
		11A184DE2B8F6BC700311BB4 /* Launch Screen.storyboard in Resources */ = {isa = PBXBuildFile; fileRef = 11A184DD2B8F6BC700311BB4 /* Launch Screen.storyboard */; };
		11A184E02B90BBE500311BB4 /* AboutMeView.swift in Sources */ = {isa = PBXBuildFile; fileRef = 11A184DF2B90BBE500311BB4 /* AboutMeView.swift */; };
		11C5626B2BF769F800A1C694 /* ExperienceViewModel.swift in Sources */ = {isa = PBXBuildFile; fileRef = 11C5626A2BF769F800A1C694 /* ExperienceViewModel.swift */; };
		11C5626D2BF7706900A1C694 /* ExperienceRow.swift in Sources */ = {isa = PBXBuildFile; fileRef = 11C5626C2BF7706900A1C694 /* ExperienceRow.swift */; };
		11C562722BF7861C00A1C694 /* ExperienceDetails.swift in Sources */ = {isa = PBXBuildFile; fileRef = 11C562712BF7861C00A1C694 /* ExperienceDetails.swift */; };
		11C562752BF78BB100A1C694 /* SkillsViewModel.swift in Sources */ = {isa = PBXBuildFile; fileRef = 11C562742BF78BB100A1C694 /* SkillsViewModel.swift */; };
		11C562772BF78BBE00A1C694 /* SkillsModel.swift in Sources */ = {isa = PBXBuildFile; fileRef = 11C562762BF78BBE00A1C694 /* SkillsModel.swift */; };
		11C5627B2BF78FBA00A1C694 /* SkillRow.swift in Sources */ = {isa = PBXBuildFile; fileRef = 11C5627A2BF78FBA00A1C694 /* SkillRow.swift */; };
		11ED88FD2BC0432000C65723 /* UIScreenExtension.swift in Sources */ = {isa = PBXBuildFile; fileRef = 11ED88FC2BC0432000C65723 /* UIScreenExtension.swift */; };
		11F899A82B959C4A00F3620F /* Experience.swift in Sources */ = {isa = PBXBuildFile; fileRef = 11F899A72B959C4A00F3620F /* Experience.swift */; };
		11F899AA2B959C5B00F3620F /* Skills.swift in Sources */ = {isa = PBXBuildFile; fileRef = 11F899A92B959C5B00F3620F /* Skills.swift */; };
		11F899AC2B959C6500F3620F /* Education.swift in Sources */ = {isa = PBXBuildFile; fileRef = 11F899AB2B959C6500F3620F /* Education.swift */; };
		11F899AE2B959C7F00F3620F /* Projects.swift in Sources */ = {isa = PBXBuildFile; fileRef = 11F899AD2B959C7F00F3620F /* Projects.swift */; };
		11F899BC2B95CF0200F3620F /* Nunito-Medium.ttf in Resources */ = {isa = PBXBuildFile; fileRef = 11F899B42B95CF0200F3620F /* Nunito-Medium.ttf */; };
		11F899BD2B95CF0200F3620F /* Nunito-ExtraBold.ttf in Resources */ = {isa = PBXBuildFile; fileRef = 11F899B52B95CF0200F3620F /* Nunito-ExtraBold.ttf */; };
		11F899BE2B95CF0200F3620F /* Nunito-Light.ttf in Resources */ = {isa = PBXBuildFile; fileRef = 11F899B62B95CF0200F3620F /* Nunito-Light.ttf */; };
		11F899BF2B95CF0200F3620F /* Nunito-Regular.ttf in Resources */ = {isa = PBXBuildFile; fileRef = 11F899B72B95CF0200F3620F /* Nunito-Regular.ttf */; };
		11F899C02B95CF0200F3620F /* Nunito-SemiBold.ttf in Resources */ = {isa = PBXBuildFile; fileRef = 11F899B82B95CF0200F3620F /* Nunito-SemiBold.ttf */; };
		11F899C12B95CF0200F3620F /* Nunito-Bold.ttf in Resources */ = {isa = PBXBuildFile; fileRef = 11F899B92B95CF0200F3620F /* Nunito-Bold.ttf */; };
		11F899C22B95CF0200F3620F /* Nunito-Black.ttf in Resources */ = {isa = PBXBuildFile; fileRef = 11F899BA2B95CF0200F3620F /* Nunito-Black.ttf */; };
		11F899C32B95CF0200F3620F /* Nunito-ExtraLight.ttf in Resources */ = {isa = PBXBuildFile; fileRef = 11F899BB2B95CF0200F3620F /* Nunito-ExtraLight.ttf */; };
		11F899C62B95CF3D00F3620F /* Fonts.swift in Sources */ = {isa = PBXBuildFile; fileRef = 11F899C52B95CF3D00F3620F /* Fonts.swift */; };
		11F899CC2B95DEAA00F3620F /* TitleView.swift in Sources */ = {isa = PBXBuildFile; fileRef = 11F899CB2B95DEAA00F3620F /* TitleView.swift */; };
		11F899CE2B95E76C00F3620F /* AboutMeRow.swift in Sources */ = {isa = PBXBuildFile; fileRef = 11F899CD2B95E76C00F3620F /* AboutMeRow.swift */; };
		11F899D42B95F11A00F3620F /* AboutMeModel.swift in Sources */ = {isa = PBXBuildFile; fileRef = 11F899D32B95F11A00F3620F /* AboutMeModel.swift */; };
		11F899D62B95F20400F3620F /* AboutViewModel.swift in Sources */ = {isa = PBXBuildFile; fileRef = 11F899D52B95F20400F3620F /* AboutViewModel.swift */; };
/* End PBXBuildFile section */

/* Begin PBXFileReference section */
		1169F3092C4681F600BD6860 /* MyCertificates.swift */ = {isa = PBXFileReference; lastKnownFileType = sourcecode.swift; path = MyCertificates.swift; sourceTree = "<group>"; };
		117B737A2BF5EF9E00C0AB75 /* AssetColor.swift */ = {isa = PBXFileReference; lastKnownFileType = sourcecode.swift; path = AssetColor.swift; sourceTree = "<group>"; };
		117B737C2BF5F3B700C0AB75 /* ContactDetails.swift */ = {isa = PBXFileReference; lastKnownFileType = sourcecode.swift; path = ContactDetails.swift; sourceTree = "<group>"; };
		117B737E2BF5F40200C0AB75 /* LocationDetails.swift */ = {isa = PBXFileReference; lastKnownFileType = sourcecode.swift; path = LocationDetails.swift; sourceTree = "<group>"; };
		117B73802BF5FB4900C0AB75 /* HireMeButton.swift */ = {isa = PBXFileReference; lastKnownFileType = sourcecode.swift; path = HireMeButton.swift; sourceTree = "<group>"; };
		117B73832BF5FEE300C0AB75 /* HireMeData.swift */ = {isa = PBXFileReference; lastKnownFileType = sourcecode.swift; path = HireMeData.swift; sourceTree = "<group>"; };
		11A184C42B8F42CC00311BB4 /* Manish Ahire.app */ = {isa = PBXFileReference; explicitFileType = wrapper.application; includeInIndex = 0; path = "Manish Ahire.app"; sourceTree = BUILT_PRODUCTS_DIR; };
		11A184C72B8F42CC00311BB4 /* Manish_AhireApp.swift */ = {isa = PBXFileReference; lastKnownFileType = sourcecode.swift; path = Manish_AhireApp.swift; sourceTree = "<group>"; };
		11A184CB2B8F42D100311BB4 /* Assets.xcassets */ = {isa = PBXFileReference; lastKnownFileType = folder.assetcatalog; path = Assets.xcassets; sourceTree = "<group>"; };
		11A184CE2B8F42D100311BB4 /* Preview Assets.xcassets */ = {isa = PBXFileReference; lastKnownFileType = folder.assetcatalog; path = "Preview Assets.xcassets"; sourceTree = "<group>"; };
		11A184D92B8F44AA00311BB4 /* HomeView.swift */ = {isa = PBXFileReference; lastKnownFileType = sourcecode.swift; path = HomeView.swift; sourceTree = "<group>"; };
		11A184DD2B8F6BC700311BB4 /* Launch Screen.storyboard */ = {isa = PBXFileReference; lastKnownFileType = file.storyboard; path = "Launch Screen.storyboard"; sourceTree = "<group>"; };
		11A184DF2B90BBE500311BB4 /* AboutMeView.swift */ = {isa = PBXFileReference; lastKnownFileType = sourcecode.swift; path = AboutMeView.swift; sourceTree = "<group>"; };
		11C5626A2BF769F800A1C694 /* ExperienceViewModel.swift */ = {isa = PBXFileReference; lastKnownFileType = sourcecode.swift; path = ExperienceViewModel.swift; sourceTree = "<group>"; };
		11C5626C2BF7706900A1C694 /* ExperienceRow.swift */ = {isa = PBXFileReference; lastKnownFileType = sourcecode.swift; path = ExperienceRow.swift; sourceTree = "<group>"; };
		11C562712BF7861C00A1C694 /* ExperienceDetails.swift */ = {isa = PBXFileReference; lastKnownFileType = sourcecode.swift; path = ExperienceDetails.swift; sourceTree = "<group>"; };
		11C562742BF78BB100A1C694 /* SkillsViewModel.swift */ = {isa = PBXFileReference; lastKnownFileType = sourcecode.swift; path = SkillsViewModel.swift; sourceTree = "<group>"; };
		11C562762BF78BBE00A1C694 /* SkillsModel.swift */ = {isa = PBXFileReference; lastKnownFileType = sourcecode.swift; path = SkillsModel.swift; sourceTree = "<group>"; };
		11C5627A2BF78FBA00A1C694 /* SkillRow.swift */ = {isa = PBXFileReference; lastKnownFileType = sourcecode.swift; path = SkillRow.swift; sourceTree = "<group>"; };
		11ED88FC2BC0432000C65723 /* UIScreenExtension.swift */ = {isa = PBXFileReference; lastKnownFileType = sourcecode.swift; path = UIScreenExtension.swift; sourceTree = "<group>"; };
		11F899A72B959C4A00F3620F /* Experience.swift */ = {isa = PBXFileReference; lastKnownFileType = sourcecode.swift; path = Experience.swift; sourceTree = "<group>"; };
		11F899A92B959C5B00F3620F /* Skills.swift */ = {isa = PBXFileReference; lastKnownFileType = sourcecode.swift; path = Skills.swift; sourceTree = "<group>"; };
		11F899AB2B959C6500F3620F /* Education.swift */ = {isa = PBXFileReference; lastKnownFileType = sourcecode.swift; path = Education.swift; sourceTree = "<group>"; };
		11F899AD2B959C7F00F3620F /* Projects.swift */ = {isa = PBXFileReference; lastKnownFileType = sourcecode.swift; path = Projects.swift; sourceTree = "<group>"; };
		11F899B42B95CF0200F3620F /* Nunito-Medium.ttf */ = {isa = PBXFileReference; lastKnownFileType = file; path = "Nunito-Medium.ttf"; sourceTree = "<group>"; };
		11F899B52B95CF0200F3620F /* Nunito-ExtraBold.ttf */ = {isa = PBXFileReference; lastKnownFileType = file; path = "Nunito-ExtraBold.ttf"; sourceTree = "<group>"; };
		11F899B62B95CF0200F3620F /* Nunito-Light.ttf */ = {isa = PBXFileReference; lastKnownFileType = file; path = "Nunito-Light.ttf"; sourceTree = "<group>"; };
		11F899B72B95CF0200F3620F /* Nunito-Regular.ttf */ = {isa = PBXFileReference; lastKnownFileType = file; path = "Nunito-Regular.ttf"; sourceTree = "<group>"; };
		11F899B82B95CF0200F3620F /* Nunito-SemiBold.ttf */ = {isa = PBXFileReference; lastKnownFileType = file; path = "Nunito-SemiBold.ttf"; sourceTree = "<group>"; };
		11F899B92B95CF0200F3620F /* Nunito-Bold.ttf */ = {isa = PBXFileReference; lastKnownFileType = file; path = "Nunito-Bold.ttf"; sourceTree = "<group>"; };
		11F899BA2B95CF0200F3620F /* Nunito-Black.ttf */ = {isa = PBXFileReference; lastKnownFileType = file; path = "Nunito-Black.ttf"; sourceTree = "<group>"; };
		11F899BB2B95CF0200F3620F /* Nunito-ExtraLight.ttf */ = {isa = PBXFileReference; lastKnownFileType = file; path = "Nunito-ExtraLight.ttf"; sourceTree = "<group>"; };
		11F899C52B95CF3D00F3620F /* Fonts.swift */ = {isa = PBXFileReference; lastKnownFileType = sourcecode.swift; path = Fonts.swift; sourceTree = "<group>"; };
		11F899C92B95DCA400F3620F /* Manish-Ahire-Info.plist */ = {isa = PBXFileReference; lastKnownFileType = text.plist; path = "Manish-Ahire-Info.plist"; sourceTree = SOURCE_ROOT; };
		11F899CB2B95DEAA00F3620F /* TitleView.swift */ = {isa = PBXFileReference; lastKnownFileType = sourcecode.swift; path = TitleView.swift; sourceTree = "<group>"; };
		11F899CD2B95E76C00F3620F /* AboutMeRow.swift */ = {isa = PBXFileReference; lastKnownFileType = sourcecode.swift; path = AboutMeRow.swift; sourceTree = "<group>"; };
		11F899D32B95F11A00F3620F /* AboutMeModel.swift */ = {isa = PBXFileReference; lastKnownFileType = sourcecode.swift; path = AboutMeModel.swift; sourceTree = "<group>"; };
		11F899D52B95F20400F3620F /* AboutViewModel.swift */ = {isa = PBXFileReference; lastKnownFileType = sourcecode.swift; path = AboutViewModel.swift; sourceTree = "<group>"; };
/* End PBXFileReference section */

/* Begin PBXFrameworksBuildPhase section */
		11A184C12B8F42CC00311BB4 /* Frameworks */ = {
			isa = PBXFrameworksBuildPhase;
			buildActionMask = 2147483647;
			files = (
			);
			runOnlyForDeploymentPostprocessing = 0;
		};
/* End PBXFrameworksBuildPhase section */

/* Begin PBXGroup section */
		117B73822BF5FED400C0AB75 /* HireMe */ = {
			isa = PBXGroup;
			children = (
				117B73802BF5FB4900C0AB75 /* HireMeButton.swift */,
				117B73832BF5FEE300C0AB75 /* HireMeData.swift */,
			);
			path = HireMe;
			sourceTree = "<group>";
		};
		11A184BB2B8F42CC00311BB4 = {
			isa = PBXGroup;
			children = (
				11A184C62B8F42CC00311BB4 /* Manish Ahire */,
				11A184C52B8F42CC00311BB4 /* Products */,
			);
			sourceTree = "<group>";
		};
		11A184C52B8F42CC00311BB4 /* Products */ = {
			isa = PBXGroup;
			children = (
				11A184C42B8F42CC00311BB4 /* Manish Ahire.app */,
			);
			name = Products;
			sourceTree = "<group>";
		};
		11A184C62B8F42CC00311BB4 /* Manish Ahire */ = {
			isa = PBXGroup;
			children = (
				11F899C92B95DCA400F3620F /* Manish-Ahire-Info.plist */,
				11F899C42B95CF3100F3620F /* Common */,
				11A184DC2B8F6A3B00311BB4 /* App */,
				11A184D62B8F442800311BB4 /* View */,
				11A184DB2B8F67A100311BB4 /* Resources */,
				11A184CD2B8F42D100311BB4 /* Preview Content */,
			);
			path = "Manish Ahire";
			sourceTree = "<group>";
		};
		11A184CD2B8F42D100311BB4 /* Preview Content */ = {
			isa = PBXGroup;
			children = (
				11A184CE2B8F42D100311BB4 /* Preview Assets.xcassets */,
			);
			path = "Preview Content";
			sourceTree = "<group>";
		};
		11A184D62B8F442800311BB4 /* View */ = {
			isa = PBXGroup;
			children = (
				11F899CA2B95DE8700F3620F /* Common */,
				11A184D82B8F445400311BB4 /* Home */,
				11F899CF2B95F0C900F3620F /* About Me */,
				11C562692BF762AE00A1C694 /* Experience */,
				11C562732BF78B0800A1C694 /* Skill */,
				11C5627F2BF9C9D800A1C694 /* Education */,
				11F899AD2B959C7F00F3620F /* Projects.swift */,
			);
			path = View;
			sourceTree = "<group>";
		};
		11A184D82B8F445400311BB4 /* Home */ = {
			isa = PBXGroup;
			children = (
				11A184D92B8F44AA00311BB4 /* HomeView.swift */,
			);
			path = Home;
			sourceTree = "<group>";
		};
		11A184DB2B8F67A100311BB4 /* Resources */ = {
			isa = PBXGroup;
			children = (
				11F899B32B95CF0200F3620F /* CustomFonts */,
				11A184CB2B8F42D100311BB4 /* Assets.xcassets */,
			);
			path = Resources;
			sourceTree = "<group>";
		};
		11A184DC2B8F6A3B00311BB4 /* App */ = {
			isa = PBXGroup;
			children = (
				11A184C72B8F42CC00311BB4 /* Manish_AhireApp.swift */,
				11A184DD2B8F6BC700311BB4 /* Launch Screen.storyboard */,
			);
			path = App;
			sourceTree = "<group>";
		};
		11C562692BF762AE00A1C694 /* Experience */ = {
			isa = PBXGroup;
			children = (
				11C562702BF7860C00A1C694 /* Model */,
				11C5626F2BF785F500A1C694 /* View */,
				11C5626E2BF785E900A1C694 /* ViewModel */,
			);
			path = Experience;
			sourceTree = "<group>";
		};
		11C5626E2BF785E900A1C694 /* ViewModel */ = {
			isa = PBXGroup;
			children = (
				11C5626A2BF769F800A1C694 /* ExperienceViewModel.swift */,
			);
			path = ViewModel;
			sourceTree = "<group>";
		};
		11C5626F2BF785F500A1C694 /* View */ = {
			isa = PBXGroup;
			children = (
				11F899A72B959C4A00F3620F /* Experience.swift */,
				11C5626C2BF7706900A1C694 /* ExperienceRow.swift */,
			);
			path = View;
			sourceTree = "<group>";
		};
		11C562702BF7860C00A1C694 /* Model */ = {
			isa = PBXGroup;
			children = (
				11C562712BF7861C00A1C694 /* ExperienceDetails.swift */,
			);
			path = Model;
			sourceTree = "<group>";
		};
		11C562732BF78B0800A1C694 /* Skill */ = {
			isa = PBXGroup;
			children = (
				11C5627C2BF79F2700A1C694 /* Model */,
				11C5627D2BF79F3200A1C694 /* View */,
				11C5627E2BF79F3E00A1C694 /* ViewModel */,
			);
			path = Skill;
			sourceTree = "<group>";
		};
		11C5627C2BF79F2700A1C694 /* Model */ = {
			isa = PBXGroup;
			children = (
				11C562762BF78BBE00A1C694 /* SkillsModel.swift */,
			);
			path = Model;
			sourceTree = "<group>";
		};
		11C5627D2BF79F3200A1C694 /* View */ = {
			isa = PBXGroup;
			children = (
				11F899A92B959C5B00F3620F /* Skills.swift */,
				11C5627A2BF78FBA00A1C694 /* SkillRow.swift */,
			);
			path = View;
			sourceTree = "<group>";
		};
		11C5627E2BF79F3E00A1C694 /* ViewModel */ = {
			isa = PBXGroup;
			children = (
				11C562742BF78BB100A1C694 /* SkillsViewModel.swift */,
			);
			path = ViewModel;
			sourceTree = "<group>";
		};
		11C5627F2BF9C9D800A1C694 /* Education */ = {
			isa = PBXGroup;
			children = (
				11F899AB2B959C6500F3620F /* Education.swift */,
				1169F3092C4681F600BD6860 /* MyCertificates.swift */,
			);
			path = Education;
			sourceTree = "<group>";
		};
		11F899B32B95CF0200F3620F /* CustomFonts */ = {
			isa = PBXGroup;
			children = (
				11F899B42B95CF0200F3620F /* Nunito-Medium.ttf */,
				11F899B52B95CF0200F3620F /* Nunito-ExtraBold.ttf */,
				11F899B62B95CF0200F3620F /* Nunito-Light.ttf */,
				11F899B72B95CF0200F3620F /* Nunito-Regular.ttf */,
				11F899B82B95CF0200F3620F /* Nunito-SemiBold.ttf */,
				11F899B92B95CF0200F3620F /* Nunito-Bold.ttf */,
				11F899BA2B95CF0200F3620F /* Nunito-Black.ttf */,
				11F899BB2B95CF0200F3620F /* Nunito-ExtraLight.ttf */,
			);
			path = CustomFonts;
			sourceTree = "<group>";
		};
		11F899C42B95CF3100F3620F /* Common */ = {
			isa = PBXGroup;
			children = (
				11F899C52B95CF3D00F3620F /* Fonts.swift */,
				117B737A2BF5EF9E00C0AB75 /* AssetColor.swift */,
			);
			path = Common;
			sourceTree = "<group>";
		};
		11F899CA2B95DE8700F3620F /* Common */ = {
			isa = PBXGroup;
			children = (
				11F899CB2B95DEAA00F3620F /* TitleView.swift */,
				11ED88FC2BC0432000C65723 /* UIScreenExtension.swift */,
				117B73822BF5FED400C0AB75 /* HireMe */,
			);
			path = Common;
			sourceTree = "<group>";
		};
		11F899CF2B95F0C900F3620F /* About Me */ = {
			isa = PBXGroup;
			children = (
				11F899D02B95F0EB00F3620F /* Model */,
				11F899D12B95F0F200F3620F /* View */,
				11F899D22B95F0F700F3620F /* ViewModel */,
			);
			path = "About Me";
			sourceTree = "<group>";
		};
		11F899D02B95F0EB00F3620F /* Model */ = {
			isa = PBXGroup;
			children = (
				11F899D32B95F11A00F3620F /* AboutMeModel.swift */,
			);
			path = Model;
			sourceTree = "<group>";
		};
		11F899D12B95F0F200F3620F /* View */ = {
			isa = PBXGroup;
			children = (
				11A184DF2B90BBE500311BB4 /* AboutMeView.swift */,
				11F899CD2B95E76C00F3620F /* AboutMeRow.swift */,
				117B737C2BF5F3B700C0AB75 /* ContactDetails.swift */,
				117B737E2BF5F40200C0AB75 /* LocationDetails.swift */,
			);
			path = View;
			sourceTree = "<group>";
		};
		11F899D22B95F0F700F3620F /* ViewModel */ = {
			isa = PBXGroup;
			children = (
				11F899D52B95F20400F3620F /* AboutViewModel.swift */,
			);
			path = ViewModel;
			sourceTree = "<group>";
		};
/* End PBXGroup section */

/* Begin PBXNativeTarget section */
		11A184C32B8F42CC00311BB4 /* Manish Ahire */ = {
			isa = PBXNativeTarget;
			buildConfigurationList = 11A184D22B8F42D100311BB4 /* Build configuration list for PBXNativeTarget "Manish Ahire" */;
			buildPhases = (
				11A184C02B8F42CC00311BB4 /* Sources */,
				11A184C12B8F42CC00311BB4 /* Frameworks */,
				11A184C22B8F42CC00311BB4 /* Resources */,
			);
			buildRules = (
			);
			dependencies = (
			);
			name = "Manish Ahire";
			productName = "Manish Ahire";
			productReference = 11A184C42B8F42CC00311BB4 /* Manish Ahire.app */;
			productType = "com.apple.product-type.application";
		};
/* End PBXNativeTarget section */

/* Begin PBXProject section */
		11A184BC2B8F42CC00311BB4 /* Project object */ = {
			isa = PBXProject;
			attributes = {
				BuildIndependentTargetsInParallel = 1;
				LastSwiftUpdateCheck = 1520;
				LastUpgradeCheck = 1520;
				TargetAttributes = {
					11A184C32B8F42CC00311BB4 = {
						CreatedOnToolsVersion = 15.2;
					};
				};
			};
			buildConfigurationList = 11A184BF2B8F42CC00311BB4 /* Build configuration list for PBXProject "Manish Ahire" */;
			compatibilityVersion = "Xcode 14.0";
			developmentRegion = en;
			hasScannedForEncodings = 0;
			knownRegions = (
				en,
				Base,
			);
			mainGroup = 11A184BB2B8F42CC00311BB4;
			productRefGroup = 11A184C52B8F42CC00311BB4 /* Products */;
			projectDirPath = "";
			projectRoot = "";
			targets = (
				11A184C32B8F42CC00311BB4 /* Manish Ahire */,
			);
		};
/* End PBXProject section */

/* Begin PBXResourcesBuildPhase section */
		11A184C22B8F42CC00311BB4 /* Resources */ = {
			isa = PBXResourcesBuildPhase;
			buildActionMask = 2147483647;
			files = (
				11F899C02B95CF0200F3620F /* Nunito-SemiBold.ttf in Resources */,
				11F899C22B95CF0200F3620F /* Nunito-Black.ttf in Resources */,
				11F899BC2B95CF0200F3620F /* Nunito-Medium.ttf in Resources */,
				11A184DE2B8F6BC700311BB4 /* Launch Screen.storyboard in Resources */,
				11F899C32B95CF0200F3620F /* Nunito-ExtraLight.ttf in Resources */,
				11F899BE2B95CF0200F3620F /* Nunito-Light.ttf in Resources */,
				11F899C12B95CF0200F3620F /* Nunito-Bold.ttf in Resources */,
				11F899BD2B95CF0200F3620F /* Nunito-ExtraBold.ttf in Resources */,
				11F899BF2B95CF0200F3620F /* Nunito-Regular.ttf in Resources */,
				11A184CF2B8F42D100311BB4 /* Preview Assets.xcassets in Resources */,
				11A184CC2B8F42D100311BB4 /* Assets.xcassets in Resources */,
			);
			runOnlyForDeploymentPostprocessing = 0;
		};
/* End PBXResourcesBuildPhase section */

/* Begin PBXSourcesBuildPhase section */
		11A184C02B8F42CC00311BB4 /* Sources */ = {
			isa = PBXSourcesBuildPhase;
			buildActionMask = 2147483647;
			files = (
				11C5627B2BF78FBA00A1C694 /* SkillRow.swift in Sources */,
				11F899C62B95CF3D00F3620F /* Fonts.swift in Sources */,
				117B737D2BF5F3B700C0AB75 /* ContactDetails.swift in Sources */,
				1169F30A2C4681F600BD6860 /* MyCertificates.swift in Sources */,
				11F899AE2B959C7F00F3620F /* Projects.swift in Sources */,
				117B73812BF5FB4900C0AB75 /* HireMeButton.swift in Sources */,
				11F899D62B95F20400F3620F /* AboutViewModel.swift in Sources */,
				11ED88FD2BC0432000C65723 /* UIScreenExtension.swift in Sources */,
				11C5626D2BF7706900A1C694 /* ExperienceRow.swift in Sources */,
				11A184E02B90BBE500311BB4 /* AboutMeView.swift in Sources */,
				11F899D42B95F11A00F3620F /* AboutMeModel.swift in Sources */,
				11A184DA2B8F44AA00311BB4 /* HomeView.swift in Sources */,
				11F899AC2B959C6500F3620F /* Education.swift in Sources */,
				11C5626B2BF769F800A1C694 /* ExperienceViewModel.swift in Sources */,
				11F899CC2B95DEAA00F3620F /* TitleView.swift in Sources */,
				11C562772BF78BBE00A1C694 /* SkillsModel.swift in Sources */,
				11C562722BF7861C00A1C694 /* ExperienceDetails.swift in Sources */,
				117B73842BF5FEE300C0AB75 /* HireMeData.swift in Sources */,
				11A184C82B8F42CC00311BB4 /* Manish_AhireApp.swift in Sources */,
				117B737B2BF5EF9E00C0AB75 /* AssetColor.swift in Sources */,
				11F899AA2B959C5B00F3620F /* Skills.swift in Sources */,
				11F899CE2B95E76C00F3620F /* AboutMeRow.swift in Sources */,
				11F899A82B959C4A00F3620F /* Experience.swift in Sources */,
				11C562752BF78BB100A1C694 /* SkillsViewModel.swift in Sources */,
				117B737F2BF5F40200C0AB75 /* LocationDetails.swift in Sources */,
			);
			runOnlyForDeploymentPostprocessing = 0;
		};
/* End PBXSourcesBuildPhase section */

/* Begin XCBuildConfiguration section */
		11A184D02B8F42D100311BB4 /* Debug */ = {
			isa = XCBuildConfiguration;
			buildSettings = {
				ALWAYS_SEARCH_USER_PATHS = NO;
				ASSETCATALOG_COMPILER_GENERATE_SWIFT_ASSET_SYMBOL_EXTENSIONS = YES;
				CLANG_ANALYZER_NONNULL = YES;
				CLANG_ANALYZER_NUMBER_OBJECT_CONVERSION = YES_AGGRESSIVE;
				CLANG_CXX_LANGUAGE_STANDARD = "gnu++20";
				CLANG_ENABLE_MODULES = YES;
				CLANG_ENABLE_OBJC_ARC = YES;
				CLANG_ENABLE_OBJC_WEAK = YES;
				CLANG_WARN_BLOCK_CAPTURE_AUTORELEASING = YES;
				CLANG_WARN_BOOL_CONVERSION = YES;
				CLANG_WARN_COMMA = YES;
				CLANG_WARN_CONSTANT_CONVERSION = YES;
				CLANG_WARN_DEPRECATED_OBJC_IMPLEMENTATIONS = YES;
				CLANG_WARN_DIRECT_OBJC_ISA_USAGE = YES_ERROR;
				CLANG_WARN_DOCUMENTATION_COMMENTS = YES;
				CLANG_WARN_EMPTY_BODY = YES;
				CLANG_WARN_ENUM_CONVERSION = YES;
				CLANG_WARN_INFINITE_RECURSION = YES;
				CLANG_WARN_INT_CONVERSION = YES;
				CLANG_WARN_NON_LITERAL_NULL_CONVERSION = YES;
				CLANG_WARN_OBJC_IMPLICIT_RETAIN_SELF = YES;
				CLANG_WARN_OBJC_LITERAL_CONVERSION = YES;
				CLANG_WARN_OBJC_ROOT_CLASS = YES_ERROR;
				CLANG_WARN_QUOTED_INCLUDE_IN_FRAMEWORK_HEADER = YES;
				CLANG_WARN_RANGE_LOOP_ANALYSIS = YES;
				CLANG_WARN_STRICT_PROTOTYPES = YES;
				CLANG_WARN_SUSPICIOUS_MOVE = YES;
				CLANG_WARN_UNGUARDED_AVAILABILITY = YES_AGGRESSIVE;
				CLANG_WARN_UNREACHABLE_CODE = YES;
				CLANG_WARN__DUPLICATE_METHOD_MATCH = YES;
				COPY_PHASE_STRIP = NO;
				DEBUG_INFORMATION_FORMAT = dwarf;
				ENABLE_STRICT_OBJC_MSGSEND = YES;
				ENABLE_TESTABILITY = YES;
				ENABLE_USER_SCRIPT_SANDBOXING = YES;
				GCC_C_LANGUAGE_STANDARD = gnu17;
				GCC_DYNAMIC_NO_PIC = NO;
				GCC_NO_COMMON_BLOCKS = YES;
				GCC_OPTIMIZATION_LEVEL = 0;
				GCC_PREPROCESSOR_DEFINITIONS = (
					"DEBUG=1",
					"$(inherited)",
				);
				GCC_WARN_64_TO_32_BIT_CONVERSION = YES;
				GCC_WARN_ABOUT_RETURN_TYPE = YES_ERROR;
				GCC_WARN_UNDECLARED_SELECTOR = YES;
				GCC_WARN_UNINITIALIZED_AUTOS = YES_AGGRESSIVE;
				GCC_WARN_UNUSED_FUNCTION = YES;
				GCC_WARN_UNUSED_VARIABLE = YES;
				IPHONEOS_DEPLOYMENT_TARGET = 17.2;
				LOCALIZATION_PREFERS_STRING_CATALOGS = YES;
				MTL_ENABLE_DEBUG_INFO = INCLUDE_SOURCE;
				MTL_FAST_MATH = YES;
				ONLY_ACTIVE_ARCH = YES;
				SDKROOT = iphoneos;
				SWIFT_ACTIVE_COMPILATION_CONDITIONS = "DEBUG $(inherited)";
				SWIFT_OPTIMIZATION_LEVEL = "-Onone";
			};
			name = Debug;
		};
		11A184D12B8F42D100311BB4 /* Release */ = {
			isa = XCBuildConfiguration;
			buildSettings = {
				ALWAYS_SEARCH_USER_PATHS = NO;
				ASSETCATALOG_COMPILER_GENERATE_SWIFT_ASSET_SYMBOL_EXTENSIONS = YES;
				CLANG_ANALYZER_NONNULL = YES;
				CLANG_ANALYZER_NUMBER_OBJECT_CONVERSION = YES_AGGRESSIVE;
				CLANG_CXX_LANGUAGE_STANDARD = "gnu++20";
				CLANG_ENABLE_MODULES = YES;
				CLANG_ENABLE_OBJC_ARC = YES;
				CLANG_ENABLE_OBJC_WEAK = YES;
				CLANG_WARN_BLOCK_CAPTURE_AUTORELEASING = YES;
				CLANG_WARN_BOOL_CONVERSION = YES;
				CLANG_WARN_COMMA = YES;
				CLANG_WARN_CONSTANT_CONVERSION = YES;
				CLANG_WARN_DEPRECATED_OBJC_IMPLEMENTATIONS = YES;
				CLANG_WARN_DIRECT_OBJC_ISA_USAGE = YES_ERROR;
				CLANG_WARN_DOCUMENTATION_COMMENTS = YES;
				CLANG_WARN_EMPTY_BODY = YES;
				CLANG_WARN_ENUM_CONVERSION = YES;
				CLANG_WARN_INFINITE_RECURSION = YES;
				CLANG_WARN_INT_CONVERSION = YES;
				CLANG_WARN_NON_LITERAL_NULL_CONVERSION = YES;
				CLANG_WARN_OBJC_IMPLICIT_RETAIN_SELF = YES;
				CLANG_WARN_OBJC_LITERAL_CONVERSION = YES;
				CLANG_WARN_OBJC_ROOT_CLASS = YES_ERROR;
				CLANG_WARN_QUOTED_INCLUDE_IN_FRAMEWORK_HEADER = YES;
				CLANG_WARN_RANGE_LOOP_ANALYSIS = YES;
				CLANG_WARN_STRICT_PROTOTYPES = YES;
				CLANG_WARN_SUSPICIOUS_MOVE = YES;
				CLANG_WARN_UNGUARDED_AVAILABILITY = YES_AGGRESSIVE;
				CLANG_WARN_UNREACHABLE_CODE = YES;
				CLANG_WARN__DUPLICATE_METHOD_MATCH = YES;
				COPY_PHASE_STRIP = NO;
				DEBUG_INFORMATION_FORMAT = "dwarf-with-dsym";
				ENABLE_NS_ASSERTIONS = NO;
				ENABLE_STRICT_OBJC_MSGSEND = YES;
				ENABLE_USER_SCRIPT_SANDBOXING = YES;
				GCC_C_LANGUAGE_STANDARD = gnu17;
				GCC_NO_COMMON_BLOCKS = YES;
				GCC_WARN_64_TO_32_BIT_CONVERSION = YES;
				GCC_WARN_ABOUT_RETURN_TYPE = YES_ERROR;
				GCC_WARN_UNDECLARED_SELECTOR = YES;
				GCC_WARN_UNINITIALIZED_AUTOS = YES_AGGRESSIVE;
				GCC_WARN_UNUSED_FUNCTION = YES;
				GCC_WARN_UNUSED_VARIABLE = YES;
				IPHONEOS_DEPLOYMENT_TARGET = 17.2;
				LOCALIZATION_PREFERS_STRING_CATALOGS = YES;
				MTL_ENABLE_DEBUG_INFO = NO;
				MTL_FAST_MATH = YES;
				SDKROOT = iphoneos;
				SWIFT_COMPILATION_MODE = wholemodule;
				VALIDATE_PRODUCT = YES;
			};
			name = Release;
		};
		11A184D32B8F42D100311BB4 /* Debug */ = {
			isa = XCBuildConfiguration;
			buildSettings = {
				ASSETCATALOG_COMPILER_APPICON_NAME = AppIcon;
				ASSETCATALOG_COMPILER_GLOBAL_ACCENT_COLOR_NAME = AccentColor;
				CODE_SIGN_STYLE = Automatic;
				CURRENT_PROJECT_VERSION = 1;
				DEVELOPMENT_ASSET_PATHS = "\"Manish Ahire/Preview Content\"";
				DEVELOPMENT_TEAM = 9F49W83KP5;
				ENABLE_PREVIEWS = YES;
				GENERATE_INFOPLIST_FILE = YES;
				INFOPLIST_FILE = "Manish-Ahire-Info.plist";
				INFOPLIST_KEY_UIApplicationSceneManifest_Generation = YES;
				INFOPLIST_KEY_UIApplicationSupportsIndirectInputEvents = YES;
				INFOPLIST_KEY_UILaunchScreen_Generation = YES;
				INFOPLIST_KEY_UILaunchStoryboardName = "Launch Screen.storyboard";
				INFOPLIST_KEY_UISupportedInterfaceOrientations_iPad = "UIInterfaceOrientationPortrait UIInterfaceOrientationPortraitUpsideDown UIInterfaceOrientationLandscapeLeft UIInterfaceOrientationLandscapeRight";
				INFOPLIST_KEY_UISupportedInterfaceOrientations_iPhone = "UIInterfaceOrientationPortrait UIInterfaceOrientationLandscapeLeft UIInterfaceOrientationLandscapeRight";
				LD_RUNPATH_SEARCH_PATHS = (
					"$(inherited)",
					"@executable_path/Frameworks",
				);
				MARKETING_VERSION = 1.0;
				PRODUCT_BUNDLE_IDENTIFIER = "demo.Manish-Ahire";
				PRODUCT_NAME = "$(TARGET_NAME)";
				SWIFT_EMIT_LOC_STRINGS = YES;
				SWIFT_VERSION = 5.0;
				TARGETED_DEVICE_FAMILY = "1,2";
			};
			name = Debug;
		};
		11A184D42B8F42D100311BB4 /* Release */ = {
			isa = XCBuildConfiguration;
			buildSettings = {
				ASSETCATALOG_COMPILER_APPICON_NAME = AppIcon;
				ASSETCATALOG_COMPILER_GLOBAL_ACCENT_COLOR_NAME = AccentColor;
				CODE_SIGN_STYLE = Automatic;
				CURRENT_PROJECT_VERSION = 1;
				DEVELOPMENT_ASSET_PATHS = "\"Manish Ahire/Preview Content\"";
				DEVELOPMENT_TEAM = 9F49W83KP5;
				ENABLE_PREVIEWS = YES;
				GENERATE_INFOPLIST_FILE = YES;
				INFOPLIST_FILE = "Manish-Ahire-Info.plist";
				INFOPLIST_KEY_UIApplicationSceneManifest_Generation = YES;
				INFOPLIST_KEY_UIApplicationSupportsIndirectInputEvents = YES;
				INFOPLIST_KEY_UILaunchScreen_Generation = YES;
				INFOPLIST_KEY_UILaunchStoryboardName = "Launch Screen.storyboard";
				INFOPLIST_KEY_UISupportedInterfaceOrientations_iPad = "UIInterfaceOrientationPortrait UIInterfaceOrientationPortraitUpsideDown UIInterfaceOrientationLandscapeLeft UIInterfaceOrientationLandscapeRight";
				INFOPLIST_KEY_UISupportedInterfaceOrientations_iPhone = "UIInterfaceOrientationPortrait UIInterfaceOrientationLandscapeLeft UIInterfaceOrientationLandscapeRight";
				LD_RUNPATH_SEARCH_PATHS = (
					"$(inherited)",
					"@executable_path/Frameworks",
				);
				MARKETING_VERSION = 1.0;
				PRODUCT_BUNDLE_IDENTIFIER = "demo.Manish-Ahire";
				PRODUCT_NAME = "$(TARGET_NAME)";
				SWIFT_EMIT_LOC_STRINGS = YES;
				SWIFT_VERSION = 5.0;
				TARGETED_DEVICE_FAMILY = "1,2";
			};
			name = Release;
		};
/* End XCBuildConfiguration section */

/* Begin XCConfigurationList section */
		11A184BF2B8F42CC00311BB4 /* Build configuration list for PBXProject "Manish Ahire" */ = {
			isa = XCConfigurationList;
			buildConfigurations = (
				11A184D02B8F42D100311BB4 /* Debug */,
				11A184D12B8F42D100311BB4 /* Release */,
			);
			defaultConfigurationIsVisible = 0;
			defaultConfigurationName = Release;
		};
		11A184D22B8F42D100311BB4 /* Build configuration list for PBXNativeTarget "Manish Ahire" */ = {
			isa = XCConfigurationList;
			buildConfigurations = (
				11A184D32B8F42D100311BB4 /* Debug */,
				11A184D42B8F42D100311BB4 /* Release */,
			);
			defaultConfigurationIsVisible = 0;
			defaultConfigurationName = Release;
		};
/* End XCConfigurationList section */
	};
	rootObject = 11A184BC2B8F42CC00311BB4 /* Project object */;
}
